
Microsoft Visual Studio Solution File, Format Version 12.00
# Visual Studio Version 17
VisualStudioVersion = 17.3.32929.385
MinimumVisualStudioVersion = 10.0.40219.1
Project("{9A19103F-16F7-4668-BE54-9A1E7A4F7556}") = "EfCore", "EfCore\EfCore.csproj", "{96289C9B-9B97-4286-9470-DE75EADB87ED}"
EndProject
Project("{FAE04EC0-301F-11D3-BF4B-00C04F79EFBC}") = "RelationShips", "RelationShips\RelationShips.csproj", "{817892A4-8FAF-49A8-9E58-1BE5579595D2}"
EndProject
Global
	GlobalSection(SolutionConfigurationPlatforms) = preSolution
		Debug|Any CPU = Debug|Any CPU
		Release|Any CPU = Release|Any CPU
	EndGlobalSection
	GlobalSection(ProjectConfigurationPlatforms) = postSolution
		{96289C9B-9B97-4286-9470-DE75EADB87ED}.Debug|Any CPU.ActiveCfg = Debug|Any CPU
		{96289C9B-9B97-4286-9470-DE75EADB87ED}.Debug|Any CPU.Build.0 = Debug|Any CPU
		{96289C9B-9B97-4286-9470-DE75EADB87ED}.Release|Any CPU.ActiveCfg = Release|Any CPU
		{96289C9B-9B97-4286-9470-DE75EADB87ED}.Release|Any CPU.Build.0 = Release|Any CPU
		{817892A4-8FAF-49A8-9E58-1BE5579595D2}.Debug|Any CPU.ActiveCfg = Debug|Any CPU
		{817892A4-8FAF-49A8-9E58-1BE5579595D2}.Debug|Any CPU.Build.0 = Debug|Any CPU
		{817892A4-8FAF-49A8-9E58-1BE5579595D2}.Release|Any CPU.ActiveCfg = Release|Any CPU
		{817892A4-8FAF-49A8-9E58-1BE5579595D2}.Release|Any CPU.Build.0 = Release|Any CPU
	EndGlobalSection
	GlobalSection(SolutionProperties) = preSolution
		HideSolutionNode = FALSE
	EndGlobalSection
	GlobalSection(ExtensibilityGlobals) = postSolution
		SolutionGuid = {28AFD8DB-0CB1-4995-BF60-922BA9EC793B}
	EndGlobalSection
EndGlobal
